PODS:
  - SwifterSwift/Dispatch (5.1.0)
  - SwifterSwift/Foundation (5.1.0)
  - SwifterSwift/SwiftStdlib (5.1.0)
  - SwifterSwift/UIKit (5.1.0)
  - SwiftWalle (0.1.0):
    - SwifterSwift/Dispatch
    - SwifterSwift/Foundation
    - SwifterSwift/SwiftStdlib
    - SwifterSwift/UIKit

DEPENDENCIES:
  - SwiftWalle (from `../`)

SPEC REPOS:
  trunk:
    - SwifterSwift

EXTERNAL SOURCES:
  SwiftWalle:
    :path: "../"

SPEC CHECKSUMS:
  SwifterSwift: a9e8e144832638c2850b43da5feaf9598c6ad65b
  SwiftWalle: 603a8215f38db229704ecc8290ab8911d05c63a7

PODFILE CHECKSUM: 617c1758d5754beedfc73888229346c27acf9fbe

COCOAPODS: 1.9.1
